
Microsoft Visual Studio Solution File, Format Version 12.00
# Visual Studio Version 16
VisualStudioVersion = 16.0.29806.167
MinimumVisualStudioVersion = 10.0.40219.1
Project("{8BC9CEB8-8B4A-11D0-8D11-00A0C91BC942}") = "Linux", "Linux\Linux.vcxproj", "{DAF22E8E-6681-4146-9CE5-2DFC3FC74A93}"
EndProject
Project("{9092AA53-FB77-4645-B42D-1CCCA6BD08BD}") = "Server", "Server\Server.njsproj", "{F92F6C81-EACA-4CEF-8240-8C7A66BDBA88}"
EndProject
Project("{2150E333-8FDC-42A3-9474-1A3956D46DE8}") = "Solution Items", "Solution Items", "{AF7A4786-F7E3-44FD-AC82-4F8360C7E03C}"
	ProjectSection(SolutionItems) = preProject
		.gitignore = .gitignore
		LICENSE = LICENSE
		Protocol.md = Protocol.md
		README.md = README.md
	EndProjectSection
EndProject
Project("{2150E333-8FDC-42A3-9474-1A3956D46DE8}") = "Common", "Common", "{16D09944-720B-47D6-B726-2A2AD2499E93}"
	ProjectSection(SolutionItems) = preProject
		Common\Crypto.h = Common\Crypto.h
		Common\ServerProtocol.h = Common\ServerProtocol.h
	EndProjectSection
EndProject
Global
	GlobalSection(SolutionConfigurationPlatforms) = preSolution
		Debug|Any CPU = Debug|Any CPU
		Debug|ARM = Debug|ARM
		Debug|ARM64 = Debug|ARM64
		Debug|x64 = Debug|x64
		Debug|x86 = Debug|x86
		Release|Any CPU = Release|Any CPU
		Release|ARM = Release|ARM
		Release|ARM64 = Release|ARM64
		Release|x64 = Release|x64
		Release|x86 = Release|x86
	EndGlobalSection
	GlobalSection(ProjectConfigurationPlatforms) = postSolution
		{DAF22E8E-6681-4146-9CE5-2DFC3FC74A93}.Debug|Any CPU.ActiveCfg = Debug|x86
		{DAF22E8E-6681-4146-9CE5-2DFC3FC74A93}.Debug|ARM.ActiveCfg = Debug|x64
		{DAF22E8E-6681-4146-9CE5-2DFC3FC74A93}.Debug|ARM.Build.0 = Debug|x64
		{DAF22E8E-6681-4146-9CE5-2DFC3FC74A93}.Debug|ARM.Deploy.0 = Debug|x64
		{DAF22E8E-6681-4146-9CE5-2DFC3FC74A93}.Debug|ARM64.ActiveCfg = Debug|ARM64
		{DAF22E8E-6681-4146-9CE5-2DFC3FC74A93}.Debug|ARM64.Build.0 = Debug|ARM64
		{DAF22E8E-6681-4146-9CE5-2DFC3FC74A93}.Debug|ARM64.Deploy.0 = Debug|ARM64
		{DAF22E8E-6681-4146-9CE5-2DFC3FC74A93}.Debug|x64.ActiveCfg = Debug|x64
		{DAF22E8E-6681-4146-9CE5-2DFC3FC74A93}.Debug|x64.Build.0 = Debug|x64
		{DAF22E8E-6681-4146-9CE5-2DFC3FC74A93}.Debug|x64.Deploy.0 = Debug|x64
		{DAF22E8E-6681-4146-9CE5-2DFC3FC74A93}.Debug|x86.ActiveCfg = Debug|x86
		{DAF22E8E-6681-4146-9CE5-2DFC3FC74A93}.Debug|x86.Build.0 = Debug|x86
		{DAF22E8E-6681-4146-9CE5-2DFC3FC74A93}.Debug|x86.Deploy.0 = Debug|x86
		{DAF22E8E-6681-4146-9CE5-2DFC3FC74A93}.Release|Any CPU.ActiveCfg = Release|x86
		{DAF22E8E-6681-4146-9CE5-2DFC3FC74A93}.Release|ARM.ActiveCfg = Release|ARM
		{DAF22E8E-6681-4146-9CE5-2DFC3FC74A93}.Release|ARM.Build.0 = Release|ARM
		{DAF22E8E-6681-4146-9CE5-2DFC3FC74A93}.Release|ARM.Deploy.0 = Release|ARM
		{DAF22E8E-6681-4146-9CE5-2DFC3FC74A93}.Release|ARM64.ActiveCfg = Release|ARM64
		{DAF22E8E-6681-4146-9CE5-2DFC3FC74A93}.Release|ARM64.Build.0 = Release|ARM64
		{DAF22E8E-6681-4146-9CE5-2DFC3FC74A93}.Release|ARM64.Deploy.0 = Release|ARM64
		{DAF22E8E-6681-4146-9CE5-2DFC3FC74A93}.Release|x64.ActiveCfg = Release|x64
		{DAF22E8E-6681-4146-9CE5-2DFC3FC74A93}.Release|x64.Build.0 = Release|x64
		{DAF22E8E-6681-4146-9CE5-2DFC3FC74A93}.Release|x64.Deploy.0 = Release|x64
		{DAF22E8E-6681-4146-9CE5-2DFC3FC74A93}.Release|x86.ActiveCfg = Release|x86
		{DAF22E8E-6681-4146-9CE5-2DFC3FC74A93}.Release|x86.Build.0 = Release|x86
		{DAF22E8E-6681-4146-9CE5-2DFC3FC74A93}.Release|x86.Deploy.0 = Release|x86
		{F92F6C81-EACA-4CEF-8240-8C7A66BDBA88}.Debug|Any CPU.ActiveCfg = Debug|Any CPU
		{F92F6C81-EACA-4CEF-8240-8C7A66BDBA88}.Debug|Any CPU.Build.0 = Debug|Any CPU
		{F92F6C81-EACA-4CEF-8240-8C7A66BDBA88}.Debug|ARM.ActiveCfg = Debug|Any CPU
		{F92F6C81-EACA-4CEF-8240-8C7A66BDBA88}.Debug|ARM.Build.0 = Debug|Any CPU
		{F92F6C81-EACA-4CEF-8240-8C7A66BDBA88}.Debug|ARM64.ActiveCfg = Debug|Any CPU
		{F92F6C81-EACA-4CEF-8240-8C7A66BDBA88}.Debug|ARM64.Build.0 = Debug|Any CPU
		{F92F6C81-EACA-4CEF-8240-8C7A66BDBA88}.Debug|x64.ActiveCfg = Debug|Any CPU
		{F92F6C81-EACA-4CEF-8240-8C7A66BDBA88}.Debug|x64.Build.0 = Debug|Any CPU
		{F92F6C81-EACA-4CEF-8240-8C7A66BDBA88}.Debug|x86.ActiveCfg = Debug|Any CPU
		{F92F6C81-EACA-4CEF-8240-8C7A66BDBA88}.Debug|x86.Build.0 = Debug|Any CPU
		{F92F6C81-EACA-4CEF-8240-8C7A66BDBA88}.Release|Any CPU.ActiveCfg = Release|Any CPU
		{F92F6C81-EACA-4CEF-8240-8C7A66BDBA88}.Release|Any CPU.Build.0 = Release|Any CPU
		{F92F6C81-EACA-4CEF-8240-8C7A66BDBA88}.Release|ARM.ActiveCfg = Release|Any CPU
		{F92F6C81-EACA-4CEF-8240-8C7A66BDBA88}.Release|ARM.Build.0 = Release|Any CPU
		{F92F6C81-EACA-4CEF-8240-8C7A66BDBA88}.Release|ARM64.ActiveCfg = Release|Any CPU
		{F92F6C81-EACA-4CEF-8240-8C7A66BDBA88}.Release|ARM64.Build.0 = Release|Any CPU
		{F92F6C81-EACA-4CEF-8240-8C7A66BDBA88}.Release|x64.ActiveCfg = Release|Any CPU
		{F92F6C81-EACA-4CEF-8240-8C7A66BDBA88}.Release|x64.Build.0 = Release|Any CPU
		{F92F6C81-EACA-4CEF-8240-8C7A66BDBA88}.Release|x86.ActiveCfg = Release|Any CPU
		{F92F6C81-EACA-4CEF-8240-8C7A66BDBA88}.Release|x86.Build.0 = Release|Any CPU
	EndGlobalSection
	GlobalSection(SolutionProperties) = preSolution
		HideSolutionNode = FALSE
	EndGlobalSection
	GlobalSection(NestedProjects) = preSolution
		{16D09944-720B-47D6-B726-2A2AD2499E93} = {AF7A4786-F7E3-44FD-AC82-4F8360C7E03C}
	EndGlobalSection
	GlobalSection(ExtensibilityGlobals) = postSolution
		SolutionGuid = {1CA2E8F4-94F9-4304-BEA7-8D25F51B0EA4}
	EndGlobalSection
EndGlobal
